
Microsoft Visual Studio Solution File, Format Version 12.00
# Visual Studio Version 16
VisualStudioVersion = 16.0.30114.105
MinimumVisualStudioVersion = 10.0.40219.1
Project("{9A19103F-16F7-4668-BE54-9A1E7A4F7556}") = "Question12-Extends", "Question12-Extends.csproj", "{B364B7AF-AC42-467A-85EA-8554FA09AA93}"
EndProject
Global
	GlobalSection(SolutionConfigurationPlatforms) = preSolution
		Debug|Any CPU = Debug|Any CPU
		Release|Any CPU = Release|Any CPU
	EndGlobalSection
	GlobalSection(ProjectConfigurationPlatforms) = postSolution
		{B364B7AF-AC42-467A-85EA-8554FA09AA93}.Debug|Any CPU.ActiveCfg = Debug|Any CPU
		{B364B7AF-AC42-467A-85EA-8554FA09AA93}.Debug|Any CPU.Build.0 = Debug|Any CPU
		{B364B7AF-AC42-467A-85EA-8554FA09AA93}.Release|Any CPU.ActiveCfg = Release|Any CPU
		{B364B7AF-AC42-467A-85EA-8554FA09AA93}.Release|Any CPU.Build.0 = Release|Any CPU
	EndGlobalSection
	GlobalSection(SolutionProperties) = preSolution
		HideSolutionNode = FALSE
	EndGlobalSection
	GlobalSection(ExtensibilityGlobals) = postSolution
		SolutionGuid = {D0028A1D-3269-4024-81C6-E3ECE24F960A}
	EndGlobalSection
EndGlobal
